
Microsoft Visual Studio Solution File, Format Version 12.00
# Visual Studio Version 17
VisualStudioVersion = 17.3.32929.385
MinimumVisualStudioVersion = 10.0.40219.1
Project("{2150E333-8FDC-42A3-9474-1A3956D46DE8}") = "src", "src", "{0222443B-D015-4E21-A27E-B964FC1F2AFA}"
EndProject
Project("{2150E333-8FDC-42A3-9474-1A3956D46DE8}") = "1 - Application", "1 - Application", "{3FFFC336-AB81-49C8-A7AE-76F5AC23EC9D}"
EndProject
Project("{2150E333-8FDC-42A3-9474-1A3956D46DE8}") = "2 - Domain", "2 - Domain", "{BAC82EB0-EB73-4C6F-A911-990C91FCF613}"
EndProject
Project("{2150E333-8FDC-42A3-9474-1A3956D46DE8}") = "3 - Service", "3 - Service", "{6487E4BF-F889-4F30-B12D-AC1A3EC57EA0}"
EndProject
Project("{2150E333-8FDC-42A3-9474-1A3956D46DE8}") = "4 - Infra", "4 - Infra", "{511DDF85-2879-4B51-BDEF-4A25EB7EC1D3}"
EndProject
Project("{2150E333-8FDC-42A3-9474-1A3956D46DE8}") = "4.1 - Data", "4.1 - Data", "{02C39C71-1735-4226-839F-A4AD3593D0CA}"
EndProject
Project("{2150E333-8FDC-42A3-9474-1A3956D46DE8}") = "4.2 - CrossCutting", "4.2 - CrossCutting", "{83127B37-F2AD-4255-A72D-B82A196F1783}"
EndProject
Project("{FAE04EC0-301F-11D3-BF4B-00C04F79EFBC}") = "Clinica.DDD.Architectura.API", "src\1 - Application\Clinica.DDD.Architectura.API\Clinica.DDD.Architectura.API.csproj", "{FCC12246-A91C-4FBA-B948-173DFE0923F6}"
EndProject
Project("{FAE04EC0-301F-11D3-BF4B-00C04F79EFBC}") = "Clinica.DDD.Architectura.Domain", "src\2 - Domain\Clinica.DDD.Architectura.Domain\Clinica.DDD.Architectura.Domain.csproj", "{98EADB2E-E8DA-4F75-B617-D0FC10F02772}"
EndProject
Project("{FAE04EC0-301F-11D3-BF4B-00C04F79EFBC}") = "Clinica.DDD.Architectura.Service", "src\3 - Service\Clinica.DDD.Architectura.Service\Clinica.DDD.Architectura.Service.csproj", "{AEA721F4-9792-4466-BC13-078F65186D55}"
EndProject
Project("{FAE04EC0-301F-11D3-BF4B-00C04F79EFBC}") = "Clinica.DDD.Architectura.Infra.Crosscutting", "src\4 - Infra\4.2 - CrossCutting\Clinica.DDD.Architectura.Infra.Crosscutting\Clinica.DDD.Architectura.Infra.Crosscutting.csproj", "{B433DEDC-BC16-4216-A996-2C376D3604ED}"
EndProject
Project("{FAE04EC0-301F-11D3-BF4B-00C04F79EFBC}") = "Clinica.DDD.Architectura.Infra.Data", "src\4 - Infra\4.1 - Data\Clinica.DDD.Architectura.Infra.Data\Clinica.DDD.Architectura.Infra.Data.csproj", "{DE69A4E9-E279-4595-90C7-18EC0ADB188E}"
EndProject
Global
	GlobalSection(SolutionConfigurationPlatforms) = preSolution
		Debug|Any CPU = Debug|Any CPU
		Release|Any CPU = Release|Any CPU
	EndGlobalSection
	GlobalSection(ProjectConfigurationPlatforms) = postSolution
		{FCC12246-A91C-4FBA-B948-173DFE0923F6}.Debug|Any CPU.ActiveCfg = Debug|Any CPU
		{FCC12246-A91C-4FBA-B948-173DFE0923F6}.Debug|Any CPU.Build.0 = Debug|Any CPU
		{FCC12246-A91C-4FBA-B948-173DFE0923F6}.Release|Any CPU.ActiveCfg = Release|Any CPU
		{FCC12246-A91C-4FBA-B948-173DFE0923F6}.Release|Any CPU.Build.0 = Release|Any CPU
		{98EADB2E-E8DA-4F75-B617-D0FC10F02772}.Debug|Any CPU.ActiveCfg = Debug|Any CPU
		{98EADB2E-E8DA-4F75-B617-D0FC10F02772}.Debug|Any CPU.Build.0 = Debug|Any CPU
		{98EADB2E-E8DA-4F75-B617-D0FC10F02772}.Release|Any CPU.ActiveCfg = Release|Any CPU
		{98EADB2E-E8DA-4F75-B617-D0FC10F02772}.Release|Any CPU.Build.0 = Release|Any CPU
		{AEA721F4-9792-4466-BC13-078F65186D55}.Debug|Any CPU.ActiveCfg = Debug|Any CPU
		{AEA721F4-9792-4466-BC13-078F65186D55}.Debug|Any CPU.Build.0 = Debug|Any CPU
		{AEA721F4-9792-4466-BC13-078F65186D55}.Release|Any CPU.ActiveCfg = Release|Any CPU
		{AEA721F4-9792-4466-BC13-078F65186D55}.Release|Any CPU.Build.0 = Release|Any CPU
		{B433DEDC-BC16-4216-A996-2C376D3604ED}.Debug|Any CPU.ActiveCfg = Debug|Any CPU
		{B433DEDC-BC16-4216-A996-2C376D3604ED}.Debug|Any CPU.Build.0 = Debug|Any CPU
		{B433DEDC-BC16-4216-A996-2C376D3604ED}.Release|Any CPU.ActiveCfg = Release|Any CPU
		{B433DEDC-BC16-4216-A996-2C376D3604ED}.Release|Any CPU.Build.0 = Release|Any CPU
		{DE69A4E9-E279-4595-90C7-18EC0ADB188E}.Debug|Any CPU.ActiveCfg = Debug|Any CPU
		{DE69A4E9-E279-4595-90C7-18EC0ADB188E}.Debug|Any CPU.Build.0 = Debug|Any CPU
		{DE69A4E9-E279-4595-90C7-18EC0ADB188E}.Release|Any CPU.ActiveCfg = Release|Any CPU
		{DE69A4E9-E279-4595-90C7-18EC0ADB188E}.Release|Any CPU.Build.0 = Release|Any CPU
	EndGlobalSection
	GlobalSection(SolutionProperties) = preSolution
		HideSolutionNode = FALSE
	EndGlobalSection
	GlobalSection(NestedProjects) = preSolution
		{3FFFC336-AB81-49C8-A7AE-76F5AC23EC9D} = {0222443B-D015-4E21-A27E-B964FC1F2AFA}
		{BAC82EB0-EB73-4C6F-A911-990C91FCF613} = {0222443B-D015-4E21-A27E-B964FC1F2AFA}
		{6487E4BF-F889-4F30-B12D-AC1A3EC57EA0} = {0222443B-D015-4E21-A27E-B964FC1F2AFA}
		{511DDF85-2879-4B51-BDEF-4A25EB7EC1D3} = {0222443B-D015-4E21-A27E-B964FC1F2AFA}
		{02C39C71-1735-4226-839F-A4AD3593D0CA} = {511DDF85-2879-4B51-BDEF-4A25EB7EC1D3}
		{83127B37-F2AD-4255-A72D-B82A196F1783} = {511DDF85-2879-4B51-BDEF-4A25EB7EC1D3}
		{FCC12246-A91C-4FBA-B948-173DFE0923F6} = {3FFFC336-AB81-49C8-A7AE-76F5AC23EC9D}
		{98EADB2E-E8DA-4F75-B617-D0FC10F02772} = {BAC82EB0-EB73-4C6F-A911-990C91FCF613}
		{AEA721F4-9792-4466-BC13-078F65186D55} = {6487E4BF-F889-4F30-B12D-AC1A3EC57EA0}
		{B433DEDC-BC16-4216-A996-2C376D3604ED} = {83127B37-F2AD-4255-A72D-B82A196F1783}
		{DE69A4E9-E279-4595-90C7-18EC0ADB188E} = {02C39C71-1735-4226-839F-A4AD3593D0CA}
	EndGlobalSection
	GlobalSection(ExtensibilityGlobals) = postSolution
		SolutionGuid = {08447AF2-8D82-475C-A168-348A55EEC62B}
	EndGlobalSection
EndGlobal
